// !$*UTF8*$!
{
	archiveVersion = 1;
	classes = {
	};
	objectVersion = 60;
	objects = {

/* Begin PBXBuildFile section */
		5C06859F2B0ADDA6008E99E9 /* DevStationCommon in Frameworks */ = {isa = PBXBuildFile; productRef = 5C06859E2B0ADDA6008E99E9 /* DevStationCommon */; };
		5C0685A12B0ADDA6008E99E9 /* EVMUI in Frameworks */ = {isa = PBXBuildFile; productRef = 5C0685A02B0ADDA6008E99E9 /* EVMUI */; };
		5C0685A42B0ADDE7008E99E9 /* AsyncAlgorithms in Frameworks */ = {isa = PBXBuildFile; productRef = 5C0685A32B0ADDE7008E99E9 /* AsyncAlgorithms */; };
		5C98C6472B0ADBA3005498DB /* EVM_Hackers_DeskApp.swift in Sources */ = {isa = PBXBuildFile; fileRef = 5C98C6462B0ADBA3005498DB /* EVM_Hackers_DeskApp.swift */; };
		5C98C64D2B0ADBA5005498DB /* Assets.xcassets in Resources */ = {isa = PBXBuildFile; fileRef = 5C98C64C2B0ADBA5005498DB /* Assets.xcassets */; };
		5C98C6502B0ADBA5005498DB /* Preview Assets.xcassets in Resources */ = {isa = PBXBuildFile; fileRef = 5C98C64F2B0ADBA5005498DB /* Preview Assets.xcassets */; };
		5CD5E1B72B0AE65400AFC6EE /* EVMBridgeLibrary.xcframework in Frameworks */ = {isa = PBXBuildFile; fileRef = 5C98C65D2B0ADC00005498DB /* EVMBridgeLibrary.xcframework */; };
/* End PBXBuildFile section */

/* Begin PBXFileReference section */
		5C98C6432B0ADBA3005498DB /* EVM Hackers Desk.app */ = {isa = PBXFileReference; explicitFileType = wrapper.application; includeInIndex = 0; path = "EVM Hackers Desk.app"; sourceTree = BUILT_PRODUCTS_DIR; };
		5C98C6462B0ADBA3005498DB /* EVM_Hackers_DeskApp.swift */ = {isa = PBXFileReference; lastKnownFileType = sourcecode.swift; path = EVM_Hackers_DeskApp.swift; sourceTree = "<group>"; };
		5C98C64C2B0ADBA5005498DB /* Assets.xcassets */ = {isa = PBXFileReference; lastKnownFileType = folder.assetcatalog; path = Assets.xcassets; sourceTree = "<group>"; };
		5C98C64F2B0ADBA5005498DB /* Preview Assets.xcassets */ = {isa = PBXFileReference; lastKnownFileType = folder.assetcatalog; path = "Preview Assets.xcassets"; sourceTree = "<group>"; };
		5C98C6512B0ADBA5005498DB /* EVM_Hackers_Desk.entitlements */ = {isa = PBXFileReference; lastKnownFileType = text.plist.entitlements; path = EVM_Hackers_Desk.entitlements; sourceTree = "<group>"; };
		5C98C65D2B0ADC00005498DB /* EVMBridgeLibrary.xcframework */ = {isa = PBXFileReference; lastKnownFileType = wrapper.xcframework; name = EVMBridgeLibrary.xcframework; path = ../EVMBridgeLibrary.xcframework; sourceTree = "<group>"; };
/* End PBXFileReference section */

/* Begin PBXFrameworksBuildPhase section */
		5C98C6402B0ADBA3005498DB /* Frameworks */ = {
			isa = PBXFrameworksBuildPhase;
			buildActionMask = 2147483647;
			files = (
				5CD5E1B72B0AE65400AFC6EE /* EVMBridgeLibrary.xcframework in Frameworks */,
				5C0685A12B0ADDA6008E99E9 /* EVMUI in Frameworks */,
				5C06859F2B0ADDA6008E99E9 /* DevStationCommon in Frameworks */,
				5C0685A42B0ADDE7008E99E9 /* AsyncAlgorithms in Frameworks */,
			);
			runOnlyForDeploymentPostprocessing = 0;
		};
/* End PBXFrameworksBuildPhase section */

/* Begin PBXGroup section */
		5C98C63A2B0ADBA3005498DB = {
			isa = PBXGroup;
			children = (
				5C98C6452B0ADBA3005498DB /* EVM Hackers Desk */,
				5C98C6442B0ADBA3005498DB /* Products */,
				5C98C65C2B0ADC00005498DB /* Frameworks */,
			);
			sourceTree = "<group>";
		};
		5C98C6442B0ADBA3005498DB /* Products */ = {
			isa = PBXGroup;
			children = (
				5C98C6432B0ADBA3005498DB /* EVM Hackers Desk.app */,
			);
			name = Products;
			sourceTree = "<group>";
		};
		5C98C6452B0ADBA3005498DB /* EVM Hackers Desk */ = {
			isa = PBXGroup;
			children = (
				5C98C6462B0ADBA3005498DB /* EVM_Hackers_DeskApp.swift */,
				5C98C64C2B0ADBA5005498DB /* Assets.xcassets */,
				5C98C6512B0ADBA5005498DB /* EVM_Hackers_Desk.entitlements */,
				5C98C64E2B0ADBA5005498DB /* Preview Content */,
			);
			path = "EVM Hackers Desk";
			sourceTree = "<group>";
		};
		5C98C64E2B0ADBA5005498DB /* Preview Content */ = {
			isa = PBXGroup;
			children = (
				5C98C64F2B0ADBA5005498DB /* Preview Assets.xcassets */,
			);
			path = "Preview Content";
			sourceTree = "<group>";
		};
		5C98C65C2B0ADC00005498DB /* Frameworks */ = {
			isa = PBXGroup;
			children = (
				5C98C65D2B0ADC00005498DB /* EVMBridgeLibrary.xcframework */,
			);
			name = Frameworks;
			sourceTree = "<group>";
		};
/* End PBXGroup section */

/* Begin PBXNativeTarget section */
		5C98C6422B0ADBA3005498DB /* EVM Hackers Desk */ = {
			isa = PBXNativeTarget;
			buildConfigurationList = 5C98C6542B0ADBA5005498DB /* Build configuration list for PBXNativeTarget "EVM Hackers Desk" */;
			buildPhases = (
				5C98C63F2B0ADBA3005498DB /* Sources */,
				5C98C6402B0ADBA3005498DB /* Frameworks */,
				5C98C6412B0ADBA3005498DB /* Resources */,
			);
			buildRules = (
			);
			dependencies = (
			);
			name = "EVM Hackers Desk";
			packageProductDependencies = (
				5C06859E2B0ADDA6008E99E9 /* DevStationCommon */,
				5C0685A02B0ADDA6008E99E9 /* EVMUI */,
				5C0685A32B0ADDE7008E99E9 /* AsyncAlgorithms */,
			);
			productName = "EVM Hackers Desk";
			productReference = 5C98C6432B0ADBA3005498DB /* EVM Hackers Desk.app */;
			productType = "com.apple.product-type.application";
		};
/* End PBXNativeTarget section */

/* Begin PBXProject section */
		5C98C63B2B0ADBA3005498DB /* Project object */ = {
			isa = PBXProject;
			attributes = {
				BuildIndependentTargetsInParallel = 1;
				LastSwiftUpdateCheck = 1500;
				LastUpgradeCheck = 1500;
				TargetAttributes = {
					5C98C6422B0ADBA3005498DB = {
						CreatedOnToolsVersion = 15.0.1;
					};
				};
			};
			buildConfigurationList = 5C98C63E2B0ADBA3005498DB /* Build configuration list for PBXProject "EVM Hackers Desk" */;
			compatibilityVersion = "Xcode 14.0";
			developmentRegion = en;
			hasScannedForEncodings = 0;
			knownRegions = (
				en,
				Base,
			);
			mainGroup = 5C98C63A2B0ADBA3005498DB;
			packageReferences = (
				5C06859D2B0ADDA6008E99E9 /* XCLocalSwiftPackageReference ".." */,
				5C0685A22B0ADDE7008E99E9 /* XCRemoteSwiftPackageReference "swift-async-algorithms" */,
			);
			productRefGroup = 5C98C6442B0ADBA3005498DB /* Products */;
			projectDirPath = "";
			projectRoot = "";
			targets = (
				5C98C6422B0ADBA3005498DB /* EVM Hackers Desk */,
			);
		};
/* End PBXProject section */

/* Begin PBXResourcesBuildPhase section */
		5C98C6412B0ADBA3005498DB /* Resources */ = {
			isa = PBXResourcesBuildPhase;
			buildActionMask = 2147483647;
			files = (
				5C98C6502B0ADBA5005498DB /* Preview Assets.xcassets in Resources */,
				5C98C64D2B0ADBA5005498DB /* Assets.xcassets in Resources */,
			);
			runOnlyForDeploymentPostprocessing = 0;
		};
/* End PBXResourcesBuildPhase section */

/* Begin PBXSourcesBuildPhase section */
		5C98C63F2B0ADBA3005498DB /* Sources */ = {
			isa = PBXSourcesBuildPhase;
			buildActionMask = 2147483647;
			files = (
				5C98C6472B0ADBA3005498DB /* EVM_Hackers_DeskApp.swift in Sources */,
			);
			runOnlyForDeploymentPostprocessing = 0;
		};
/* End PBXSourcesBuildPhase section */

/* Begin XCBuildConfiguration section */
		5C98C6522B0ADBA5005498DB /* Debug */ = {
			isa = XCBuildConfiguration;
			buildSettings = {
				ALWAYS_SEARCH_USER_PATHS = NO;
				ASSETCATALOG_COMPILER_GENERATE_SWIFT_ASSET_SYMBOL_EXTENSIONS = YES;
				CLANG_ANALYZER_NONNULL = YES;
				CLANG_ANALYZER_NUMBER_OBJECT_CONVERSION = YES_AGGRESSIVE;
				CLANG_CXX_LANGUAGE_STANDARD = "gnu++20";
				CLANG_ENABLE_MODULES = YES;
				CLANG_ENABLE_OBJC_ARC = YES;
				CLANG_ENABLE_OBJC_WEAK = YES;
				CLANG_WARN_BLOCK_CAPTURE_AUTORELEASING = YES;
				CLANG_WARN_BOOL_CONVERSION = YES;
				CLANG_WARN_COMMA = YES;
				CLANG_WARN_CONSTANT_CONVERSION = YES;
				CLANG_WARN_DEPRECATED_OBJC_IMPLEMENTATIONS = YES;
				CLANG_WARN_DIRECT_OBJC_ISA_USAGE = YES_ERROR;
				CLANG_WARN_DOCUMENTATION_COMMENTS = YES;
				CLANG_WARN_EMPTY_BODY = YES;
				CLANG_WARN_ENUM_CONVERSION = YES;
				CLANG_WARN_INFINITE_RECURSION = YES;
				CLANG_WARN_INT_CONVERSION = YES;
				CLANG_WARN_NON_LITERAL_NULL_CONVERSION = YES;
				CLANG_WARN_OBJC_IMPLICIT_RETAIN_SELF = YES;
				CLANG_WARN_OBJC_LITERAL_CONVERSION = YES;
				CLANG_WARN_OBJC_ROOT_CLASS = YES_ERROR;
				CLANG_WARN_QUOTED_INCLUDE_IN_FRAMEWORK_HEADER = YES;
				CLANG_WARN_RANGE_LOOP_ANALYSIS = YES;
				CLANG_WARN_STRICT_PROTOTYPES = YES;
				CLANG_WARN_SUSPICIOUS_MOVE = YES;
				CLANG_WARN_UNGUARDED_AVAILABILITY = YES_AGGRESSIVE;
				CLANG_WARN_UNREACHABLE_CODE = YES;
				CLANG_WARN__DUPLICATE_METHOD_MATCH = YES;
				COPY_PHASE_STRIP = NO;
				DEBUG_INFORMATION_FORMAT = dwarf;
				ENABLE_STRICT_OBJC_MSGSEND = YES;
				ENABLE_TESTABILITY = YES;
				ENABLE_USER_SCRIPT_SANDBOXING = YES;
				GCC_C_LANGUAGE_STANDARD = gnu17;
				GCC_DYNAMIC_NO_PIC = NO;
				GCC_NO_COMMON_BLOCKS = YES;
				GCC_OPTIMIZATION_LEVEL = 0;
				GCC_PREPROCESSOR_DEFINITIONS = (
					"DEBUG=1",
					"$(inherited)",
				);
				GCC_WARN_64_TO_32_BIT_CONVERSION = YES;
				GCC_WARN_ABOUT_RETURN_TYPE = YES_ERROR;
				GCC_WARN_UNDECLARED_SELECTOR = YES;
				GCC_WARN_UNINITIALIZED_AUTOS = YES_AGGRESSIVE;
				GCC_WARN_UNUSED_FUNCTION = YES;
				GCC_WARN_UNUSED_VARIABLE = YES;
				LOCALIZATION_PREFERS_STRING_CATALOGS = YES;
				MACOSX_DEPLOYMENT_TARGET = 14.0;
				MTL_ENABLE_DEBUG_INFO = INCLUDE_SOURCE;
				MTL_FAST_MATH = YES;
				ONLY_ACTIVE_ARCH = YES;
				SDKROOT = macosx;
				SWIFT_ACTIVE_COMPILATION_CONDITIONS = "DEBUG $(inherited)";
				SWIFT_OPTIMIZATION_LEVEL = "-Onone";
			};
			name = Debug;
		};
		5C98C6532B0ADBA5005498DB /* Release */ = {
			isa = XCBuildConfiguration;
			buildSettings = {
				ALWAYS_SEARCH_USER_PATHS = NO;
				ASSETCATALOG_COMPILER_GENERATE_SWIFT_ASSET_SYMBOL_EXTENSIONS = YES;
				CLANG_ANALYZER_NONNULL = YES;
				CLANG_ANALYZER_NUMBER_OBJECT_CONVERSION = YES_AGGRESSIVE;
				CLANG_CXX_LANGUAGE_STANDARD = "gnu++20";
				CLANG_ENABLE_MODULES = YES;
				CLANG_ENABLE_OBJC_ARC = YES;
				CLANG_ENABLE_OBJC_WEAK = YES;
				CLANG_WARN_BLOCK_CAPTURE_AUTORELEASING = YES;
				CLANG_WARN_BOOL_CONVERSION = YES;
				CLANG_WARN_COMMA = YES;
				CLANG_WARN_CONSTANT_CONVERSION = YES;
				CLANG_WARN_DEPRECATED_OBJC_IMPLEMENTATIONS = YES;
				CLANG_WARN_DIRECT_OBJC_ISA_USAGE = YES_ERROR;
				CLANG_WARN_DOCUMENTATION_COMMENTS = YES;
				CLANG_WARN_EMPTY_BODY = YES;
				CLANG_WARN_ENUM_CONVERSION = YES;
				CLANG_WARN_INFINITE_RECURSION = YES;
				CLANG_WARN_INT_CONVERSION = YES;
				CLANG_WARN_NON_LITERAL_NULL_CONVERSION = YES;
				CLANG_WARN_OBJC_IMPLICIT_RETAIN_SELF = YES;
				CLANG_WARN_OBJC_LITERAL_CONVERSION = YES;
				CLANG_WARN_OBJC_ROOT_CLASS = YES_ERROR;
				CLANG_WARN_QUOTED_INCLUDE_IN_FRAMEWORK_HEADER = YES;
				CLANG_WARN_RANGE_LOOP_ANALYSIS = YES;
				CLANG_WARN_STRICT_PROTOTYPES = YES;
				CLANG_WARN_SUSPICIOUS_MOVE = YES;
				CLANG_WARN_UNGUARDED_AVAILABILITY = YES_AGGRESSIVE;
				CLANG_WARN_UNREACHABLE_CODE = YES;
				CLANG_WARN__DUPLICATE_METHOD_MATCH = YES;
				COPY_PHASE_STRIP = NO;
				DEBUG_INFORMATION_FORMAT = "dwarf-with-dsym";
				ENABLE_NS_ASSERTIONS = NO;
				ENABLE_STRICT_OBJC_MSGSEND = YES;
				ENABLE_USER_SCRIPT_SANDBOXING = YES;
				GCC_C_LANGUAGE_STANDARD = gnu17;
				GCC_NO_COMMON_BLOCKS = YES;
				GCC_WARN_64_TO_32_BIT_CONVERSION = YES;
				GCC_WARN_ABOUT_RETURN_TYPE = YES_ERROR;
				GCC_WARN_UNDECLARED_SELECTOR = YES;
				GCC_WARN_UNINITIALIZED_AUTOS = YES_AGGRESSIVE;
				GCC_WARN_UNUSED_FUNCTION = YES;
				GCC_WARN_UNUSED_VARIABLE = YES;
				LOCALIZATION_PREFERS_STRING_CATALOGS = YES;
				MACOSX_DEPLOYMENT_TARGET = 14.0;
				MTL_ENABLE_DEBUG_INFO = NO;
				MTL_FAST_MATH = YES;
				SDKROOT = macosx;
				SWIFT_COMPILATION_MODE = wholemodule;
			};
			name = Release;
		};
		5C98C6552B0ADBA5005498DB /* Debug */ = {
			isa = XCBuildConfiguration;
			buildSettings = {
				ASSETCATALOG_COMPILER_APPICON_NAME = AppIcon;
				ASSETCATALOG_COMPILER_GLOBAL_ACCENT_COLOR_NAME = AccentColor;
				ASSETCATALOG_COMPILER_INCLUDE_ALL_APPICON_ASSETS = YES;
				CODE_SIGN_ENTITLEMENTS = "EVM Hackers Desk/EVM_Hackers_Desk.entitlements";
				CODE_SIGN_IDENTITY = "Apple Development";
				"CODE_SIGN_IDENTITY[sdk=macosx*]" = "Apple Development";
				CODE_SIGN_STYLE = Automatic;
				COMBINE_HIDPI_IMAGES = YES;
				CURRENT_PROJECT_VERSION = 1;
				DEVELOPMENT_ASSET_PATHS = "\"EVM Hackers Desk/Preview Content\"";
				DEVELOPMENT_TEAM = 597E45CFCV;
				ENABLE_HARDENED_RUNTIME = YES;
				ENABLE_PREVIEWS = YES;
				GENERATE_INFOPLIST_FILE = YES;
				INFOPLIST_KEY_LSApplicationCategoryType = "";
				INFOPLIST_KEY_NSHumanReadableCopyright = "";
				LD_RUNPATH_SEARCH_PATHS = (
					"$(inherited)",
					"@executable_path/../Frameworks",
				);
				MACOSX_DEPLOYMENT_TARGET = 14.0;
				MARKETING_VERSION = 1.0;
				PRODUCT_BUNDLE_IDENTIFIER = "com.hyegar.EVM-Hackers-Desk";
				PRODUCT_NAME = "$(TARGET_NAME)";
				PROVISIONING_PROFILE_SPECIFIER = "";
				SWIFT_EMIT_LOC_STRINGS = YES;
				SWIFT_VERSION = 5.0;
			};
			name = Debug;
		};
		5C98C6562B0ADBA5005498DB /* Release */ = {
			isa = XCBuildConfiguration;
			buildSettings = {
				ASSETCATALOG_COMPILER_APPICON_NAME = AppIcon;
				ASSETCATALOG_COMPILER_GLOBAL_ACCENT_COLOR_NAME = AccentColor;
				ASSETCATALOG_COMPILER_INCLUDE_ALL_APPICON_ASSETS = YES;
				CODE_SIGN_ENTITLEMENTS = "EVM Hackers Desk/EVM_Hackers_Desk.entitlements";
				CODE_SIGN_STYLE = Automatic;
				COMBINE_HIDPI_IMAGES = YES;
				CURRENT_PROJECT_VERSION = 1;
				DEVELOPMENT_ASSET_PATHS = "\"EVM Hackers Desk/Preview Content\"";
				DEVELOPMENT_TEAM = 597E45CFCV;
				ENABLE_HARDENED_RUNTIME = YES;
				ENABLE_PREVIEWS = YES;
				GENERATE_INFOPLIST_FILE = YES;
				INFOPLIST_KEY_LSApplicationCategoryType = "";
				INFOPLIST_KEY_NSHumanReadableCopyright = "";
				LD_RUNPATH_SEARCH_PATHS = (
					"$(inherited)",
					"@executable_path/../Frameworks",
				);
				MACOSX_DEPLOYMENT_TARGET = 14.0;
				MARKETING_VERSION = 1.0;
				PRODUCT_BUNDLE_IDENTIFIER = "com.hyegar.EVM-Hackers-Desk";
				PRODUCT_NAME = "$(TARGET_NAME)";
				SWIFT_EMIT_LOC_STRINGS = YES;
				SWIFT_VERSION = 5.0;
			};
			name = Release;
		};
/* End XCBuildConfiguration section */

/* Begin XCConfigurationList section */
		5C98C63E2B0ADBA3005498DB /* Build configuration list for PBXProject "EVM Hackers Desk" */ = {
			isa = XCConfigurationList;
			buildConfigurations = (
				5C98C6522B0ADBA5005498DB /* Debug */,
				5C98C6532B0ADBA5005498DB /* Release */,
			);
			defaultConfigurationIsVisible = 0;
			defaultConfigurationName = Release;
		};
		5C98C6542B0ADBA5005498DB /* Build configuration list for PBXNativeTarget "EVM Hackers Desk" */ = {
			isa = XCConfigurationList;
			buildConfigurations = (
				5C98C6552B0ADBA5005498DB /* Debug */,
				5C98C6562B0ADBA5005498DB /* Release */,
			);
			defaultConfigurationIsVisible = 0;
			defaultConfigurationName = Release;
		};
/* End XCConfigurationList section */

/* Begin XCLocalSwiftPackageReference section */
		5C06859D2B0ADDA6008E99E9 /* XCLocalSwiftPackageReference ".." */ = {
			isa = XCLocalSwiftPackageReference;
			relativePath = ..;
		};
/* End XCLocalSwiftPackageReference section */

/* Begin XCRemoteSwiftPackageReference section */
		5C0685A22B0ADDE7008E99E9 /* XCRemoteSwiftPackageReference "swift-async-algorithms" */ = {
			isa = XCRemoteSwiftPackageReference;
			repositoryURL = "https://github.com/apple/swift-async-algorithms.git";
			requirement = {
				kind = exactVersion;
				version = "1.0.0-beta.1";
			};
		};
/* End XCRemoteSwiftPackageReference section */

/* Begin XCSwiftPackageProductDependency section */
		5C06859E2B0ADDA6008E99E9 /* DevStationCommon */ = {
			isa = XCSwiftPackageProductDependency;
			productName = DevStationCommon;
		};
		5C0685A02B0ADDA6008E99E9 /* EVMUI */ = {
			isa = XCSwiftPackageProductDependency;
			productName = EVMUI;
		};
		5C0685A32B0ADDE7008E99E9 /* AsyncAlgorithms */ = {
			isa = XCSwiftPackageProductDependency;
			package = 5C0685A22B0ADDE7008E99E9 /* XCRemoteSwiftPackageReference "swift-async-algorithms" */;
			productName = AsyncAlgorithms;
		};
/* End XCSwiftPackageProductDependency section */
	};
	rootObject = 5C98C63B2B0ADBA3005498DB /* Project object */;
}
